// !$*UTF8*$!
{
	archiveVersion = 1;
	classes = {
	};
	objectVersion = 48;
	objects = {

/* Begin PBXBuildFile section */
		3B04329C1FCC41F800E2A144 /* AppDelegate.swift in Sources */ = {isa = PBXBuildFile; fileRef = 3B04329B1FCC41F800E2A144 /* AppDelegate.swift */; };
		3B04329E1FCC41F800E2A144 /* ViewController.swift in Sources */ = {isa = PBXBuildFile; fileRef = 3B04329D1FCC41F800E2A144 /* ViewController.swift */; };
		3B0432A11FCC41F800E2A144 /* Main.storyboard in Resources */ = {isa = PBXBuildFile; fileRef = 3B04329F1FCC41F800E2A144 /* Main.storyboard */; };
		3B0432A41FCC41F800E2A144 /* Core_Data_App.xcdatamodeld in Sources */ = {isa = PBXBuildFile; fileRef = 3B0432A21FCC41F800E2A144 /* Core_Data_App.xcdatamodeld */; };
		3B0432A61FCC41F800E2A144 /* Assets.xcassets in Resources */ = {isa = PBXBuildFile; fileRef = 3B0432A51FCC41F800E2A144 /* Assets.xcassets */; };
		3B0432A91FCC41F800E2A144 /* LaunchScreen.storyboard in Resources */ = {isa = PBXBuildFile; fileRef = 3B0432A71FCC41F800E2A144 /* LaunchScreen.storyboard */; };
/* End PBXBuildFile section */

/* Begin PBXFileReference section */
		3B0432981FCC41F800E2A144 /* Core Data App.app */ = {isa = PBXFileReference; explicitFileType = wrapper.application; includeInIndex = 0; path = "Core Data App.app"; sourceTree = BUILT_PRODUCTS_DIR; };
		3B04329B1FCC41F800E2A144 /* AppDelegate.swift */ = {isa = PBXFileReference; lastKnownFileType = sourcecode.swift; path = AppDelegate.swift; sourceTree = "<group>"; };
		3B04329D1FCC41F800E2A144 /* ViewController.swift */ = {isa = PBXFileReference; lastKnownFileType = sourcecode.swift; path = ViewController.swift; sourceTree = "<group>"; };
		3B0432A01FCC41F800E2A144 /* Base */ = {isa = PBXFileReference; lastKnownFileType = file.storyboard; name = Base; path = Base.lproj/Main.storyboard; sourceTree = "<group>"; };
		3B0432A31FCC41F800E2A144 /* Core_Data_App.xcdatamodel */ = {isa = PBXFileReference; lastKnownFileType = wrapper.xcdatamodel; path = Core_Data_App.xcdatamodel; sourceTree = "<group>"; };
		3B0432A51FCC41F800E2A144 /* Assets.xcassets */ = {isa = PBXFileReference; lastKnownFileType = folder.assetcatalog; path = Assets.xcassets; sourceTree = "<group>"; };
		3B0432A81FCC41F800E2A144 /* Base */ = {isa = PBXFileReference; lastKnownFileType = file.storyboard; name = Base; path = Base.lproj/LaunchScreen.storyboard; sourceTree = "<group>"; };
		3B0432AA1FCC41F800E2A144 /* Info.plist */ = {isa = PBXFileReference; lastKnownFileType = text.plist.xml; path = Info.plist; sourceTree = "<group>"; };
/* End PBXFileReference section */

/* Begin PBXFrameworksBuildPhase section */
		3B0432951FCC41F800E2A144 /* Frameworks */ = {
			isa = PBXFrameworksBuildPhase;
			buildActionMask = 2147483647;
			files = (
			);
			runOnlyForDeploymentPostprocessing = 0;
		};
/* End PBXFrameworksBuildPhase section */

/* Begin PBXGroup section */
		3B04328F1FCC41F800E2A144 = {
			isa = PBXGroup;
			children = (
				3B04329A1FCC41F800E2A144 /* Core Data App */,
				3B0432991FCC41F800E2A144 /* Products */,
			);
			sourceTree = "<group>";
		};
		3B0432991FCC41F800E2A144 /* Products */ = {
			isa = PBXGroup;
			children = (
				3B0432981FCC41F800E2A144 /* Core Data App.app */,
			);
			name = Products;
			sourceTree = "<group>";
		};
		3B04329A1FCC41F800E2A144 /* Core Data App */ = {
			isa = PBXGroup;
			children = (
				3B04329B1FCC41F800E2A144 /* AppDelegate.swift */,
				3B04329D1FCC41F800E2A144 /* ViewController.swift */,
				3B04329F1FCC41F800E2A144 /* Main.storyboard */,
				3B0432A51FCC41F800E2A144 /* Assets.xcassets */,
				3B0432A71FCC41F800E2A144 /* LaunchScreen.storyboard */,
				3B0432AA1FCC41F800E2A144 /* Info.plist */,
				3B0432A21FCC41F800E2A144 /* Core_Data_App.xcdatamodeld */,
			);
			path = "Core Data App";
			sourceTree = "<group>";
		};
/* End PBXGroup section */

/* Begin PBXNativeTarget section */
		3B0432971FCC41F800E2A144 /* Core Data App */ = {
			isa = PBXNativeTarget;
			buildConfigurationList = 3B0432AD1FCC41F800E2A144 /* Build configuration list for PBXNativeTarget "Core Data App" */;
			buildPhases = (
				3B0432941FCC41F800E2A144 /* Sources */,
				3B0432951FCC41F800E2A144 /* Frameworks */,
				3B0432961FCC41F800E2A144 /* Resources */,
			);
			buildRules = (
			);
			dependencies = (
			);
			name = "Core Data App";
			productName = "Core Data App";
			productReference = 3B0432981FCC41F800E2A144 /* Core Data App.app */;
			productType = "com.apple.product-type.application";
		};
/* End PBXNativeTarget section */

/* Begin PBXProject section */
		3B0432901FCC41F800E2A144 /* Project object */ = {
			isa = PBXProject;
			attributes = {
				LastSwiftUpdateCheck = 0900;
				LastUpgradeCheck = 0900;
				ORGANIZATIONNAME = "Lin Li";
				TargetAttributes = {
					3B0432971FCC41F800E2A144 = {
						CreatedOnToolsVersion = 9.0;
						ProvisioningStyle = Automatic;
					};
				};
			};
			buildConfigurationList = 3B0432931FCC41F800E2A144 /* Build configuration list for PBXProject "Core Data App" */;
			compatibilityVersion = "Xcode 8.0";
			developmentRegion = en;
			hasScannedForEncodings = 0;
			knownRegions = (
				en,
				Base,
			);
			mainGroup = 3B04328F1FCC41F800E2A144;
			productRefGroup = 3B0432991FCC41F800E2A144 /* Products */;
			projectDirPath = "";
			projectRoot = "";
			targets = (
				3B0432971FCC41F800E2A144 /* Core Data App */,
			);
		};
/* End PBXProject section */

/* Begin PBXResourcesBuildPhase section */
		3B0432961FCC41F800E2A144 /* Resources */ = {
			isa = PBXResourcesBuildPhase;
			buildActionMask = 2147483647;
			files = (
				3B0432A91FCC41F800E2A144 /* LaunchScreen.storyboard in Resources */,
				3B0432A61FCC41F800E2A144 /* Assets.xcassets in Resources */,
				3B0432A11FCC41F800E2A144 /* Main.storyboard in Resources */,
			);
			runOnlyForDeploymentPostprocessing = 0;
		};
/* End PBXResourcesBuildPhase section */

/* Begin PBXSourcesBuildPhase section */
		3B0432941FCC41F800E2A144 /* Sources */ = {
			isa = PBXSourcesBuildPhase;
			buildActionMask = 2147483647;
			files = (
				3B0432A41FCC41F800E2A144 /* Core_Data_App.xcdatamodeld in Sources */,
				3B04329E1FCC41F800E2A144 /* ViewController.swift in Sources */,
				3B04329C1FCC41F800E2A144 /* AppDelegate.swift in Sources */,
			);
			runOnlyForDeploymentPostprocessing = 0;
		};
/* End PBXSourcesBuildPhase section */

/* Begin PBXVariantGroup section */
		3B04329F1FCC41F800E2A144 /* Main.storyboard */ = {
			isa = PBXVariantGroup;
			children = (
				3B0432A01FCC41F800E2A144 /* Base */,
			);
			name = Main.storyboard;
			sourceTree = "<group>";
		};
		3B0432A71FCC41F800E2A144 /* LaunchScreen.storyboard */ = {
			isa = PBXVariantGroup;
			children = (
				3B0432A81FCC41F800E2A144 /* Base */,
			);
			name = LaunchScreen.storyboard;
			sourceTree = "<group>";
		};
/* End PBXVariantGroup section */

/* Begin XCBuildConfiguration section */
		3B0432AB1FCC41F800E2A144 /* Debug */ = {
			isa = XCBuildConfiguration;
			buildSettings = {
				ALWAYS_SEARCH_USER_PATHS = NO;
				CLANG_ANALYZER_NONNULL = YES;
				CLANG_ANALYZER_NUMBER_OBJECT_CONVERSION = YES_AGGRESSIVE;
				CLANG_CXX_LANGUAGE_STANDARD = "gnu++14";
				CLANG_CXX_LIBRARY = "libc++";
				CLANG_ENABLE_MODULES = YES;
				CLANG_ENABLE_OBJC_ARC = YES;
				CLANG_WARN_BLOCK_CAPTURE_AUTORELEASING = YES;
				CLANG_WARN_BOOL_CONVERSION = YES;
				CLANG_WARN_COMMA = YES;
				CLANG_WARN_CONSTANT_CONVERSION = YES;
				CLANG_WARN_DIRECT_OBJC_ISA_USAGE = YES_ERROR;
				CLANG_WARN_DOCUMENTATION_COMMENTS = YES;
				CLANG_WARN_EMPTY_BODY = YES;
				CLANG_WARN_ENUM_CONVERSION = YES;
				CLANG_WARN_INFINITE_RECURSION = YES;
				CLANG_WARN_INT_CONVERSION = YES;
				CLANG_WARN_NON_LITERAL_NULL_CONVERSION = YES;
				CLANG_WARN_OBJC_LITERAL_CONVERSION = YES;
				CLANG_WARN_OBJC_ROOT_CLASS = YES_ERROR;
				CLANG_WARN_RANGE_LOOP_ANALYSIS = YES;
				CLANG_WARN_STRICT_PROTOTYPES = YES;
				CLANG_WARN_SUSPICIOUS_MOVE = YES;
				CLANG_WARN_UNGUARDED_AVAILABILITY = YES_AGGRESSIVE;
				CLANG_WARN_UNREACHABLE_CODE = YES;
				CLANG_WARN__DUPLICATE_METHOD_MATCH = YES;
				CODE_SIGN_IDENTITY = "iPhone Developer";
				COPY_PHASE_STRIP = NO;
				DEBUG_INFORMATION_FORMAT = dwarf;
				ENABLE_STRICT_OBJC_MSGSEND = YES;
				ENABLE_TESTABILITY = YES;
				GCC_C_LANGUAGE_STANDARD = gnu11;
				GCC_DYNAMIC_NO_PIC = NO;
				GCC_NO_COMMON_BLOCKS = YES;
				GCC_OPTIMIZATION_LEVEL = 0;
				GCC_PREPROCESSOR_DEFINITIONS = (
					"DEBUG=1",
					"$(inherited)",
				);
				GCC_WARN_64_TO_32_BIT_CONVERSION = YES;
				GCC_WARN_ABOUT_RETURN_TYPE = YES_ERROR;
				GCC_WARN_UNDECLARED_SELECTOR = YES;
				GCC_WARN_UNINITIALIZED_AUTOS = YES_AGGRESSIVE;
				GCC_WARN_UNUSED_FUNCTION = YES;
				GCC_WARN_UNUSED_VARIABLE = YES;
				IPHONEOS_DEPLOYMENT_TARGET = 11.0;
				MTL_ENABLE_DEBUG_INFO = YES;
				ONLY_ACTIVE_ARCH = YES;
				SDKROOT = iphoneos;
				SWIFT_ACTIVE_COMPILATION_CONDITIONS = DEBUG;
				SWIFT_OPTIMIZATION_LEVEL = "-Onone";
			};
			name = Debug;
		};
		3B0432AC1FCC41F800E2A144 /* Release */ = {
			isa = XCBuildConfiguration;
			buildSettings = {
				ALWAYS_SEARCH_USER_PATHS = NO;
				CLANG_ANALYZER_NONNULL = YES;
				CLANG_ANALYZER_NUMBER_OBJECT_CONVERSION = YES_AGGRESSIVE;
				CLANG_CXX_LANGUAGE_STANDARD = "gnu++14";
				CLANG_CXX_LIBRARY = "libc++";
				CLANG_ENABLE_MODULES = YES;
				CLANG_ENABLE_OBJC_ARC = YES;
				CLANG_WARN_BLOCK_CAPTURE_AUTORELEASING = YES;
				CLANG_WARN_BOOL_CONVERSION = YES;
				CLANG_WARN_COMMA = YES;
				CLANG_WARN_CONSTANT_CONVERSION = YES;
				CLANG_WARN_DIRECT_OBJC_ISA_USAGE = YES_ERROR;
				CLANG_WARN_DOCUMENTATION_COMMENTS = YES;
				CLANG_WARN_EMPTY_BODY = YES;
				CLANG_WARN_ENUM_CONVERSION = YES;
				CLANG_WARN_INFINITE_RECURSION = YES;
				CLANG_WARN_INT_CONVERSION = YES;
				CLANG_WARN_NON_LITERAL_NULL_CONVERSION = YES;
				CLANG_WARN_OBJC_LITERAL_CONVERSION = YES;
				CLANG_WARN_OBJC_ROOT_CLASS = YES_ERROR;
				CLANG_WARN_RANGE_LOOP_ANALYSIS = YES;
				CLANG_WARN_STRICT_PROTOTYPES = YES;
				CLANG_WARN_SUSPICIOUS_MOVE = YES;
				CLANG_WARN_UNGUARDED_AVAILABILITY = YES_AGGRESSIVE;
				CLANG_WARN_UNREACHABLE_CODE = YES;
				CLANG_WARN__DUPLICATE_METHOD_MATCH = YES;
				CODE_SIGN_IDENTITY = "iPhone Developer";
				COPY_PHASE_STRIP = NO;
				DEBUG_INFORMATION_FORMAT = "dwarf-with-dsym";
				ENABLE_NS_ASSERTIONS = NO;
				ENABLE_STRICT_OBJC_MSGSEND = YES;
				GCC_C_LANGUAGE_STANDARD = gnu11;
				GCC_NO_COMMON_BLOCKS = YES;
				GCC_WARN_64_TO_32_BIT_CONVERSION = YES;
				GCC_WARN_ABOUT_RETURN_TYPE = YES_ERROR;
				GCC_WARN_UNDECLARED_SELECTOR = YES;
				GCC_WARN_UNINITIALIZED_AUTOS = YES_AGGRESSIVE;
				GCC_WARN_UNUSED_FUNCTION = YES;
				GCC_WARN_UNUSED_VARIABLE = YES;
				IPHONEOS_DEPLOYMENT_TARGET = 11.0;
				MTL_ENABLE_DEBUG_INFO = NO;
				SDKROOT = iphoneos;
				SWIFT_OPTIMIZATION_LEVEL = "-Owholemodule";
				VALIDATE_PRODUCT = YES;
			};
			name = Release;
		};
		3B0432AE1FCC41F800E2A144 /* Debug */ = {
			isa = XCBuildConfiguration;
			buildSettings = {
				ASSETCATALOG_COMPILER_APPICON_NAME = AppIcon;
				CODE_SIGN_STYLE = Automatic;
				DEVELOPMENT_TEAM = CFRA4PU3F2;
				INFOPLIST_FILE = "Core Data App/Info.plist";
				LD_RUNPATH_SEARCH_PATHS = "$(inherited) @executable_path/Frameworks";
				PRODUCT_BUNDLE_IDENTIFIER = "lli04.Core-Data-App";
				PRODUCT_NAME = "$(TARGET_NAME)";
				SWIFT_VERSION = 4.0;
				TARGETED_DEVICE_FAMILY = "1,2";
			};
			name = Debug;
		};
		3B0432AF1FCC41F800E2A144 /* Release */ = {
			isa = XCBuildConfiguration;
			buildSettings = {
				ASSETCATALOG_COMPILER_APPICON_NAME = AppIcon;
				CODE_SIGN_STYLE = Automatic;
				DEVELOPMENT_TEAM = CFRA4PU3F2;
				INFOPLIST_FILE = "Core Data App/Info.plist";
				LD_RUNPATH_SEARCH_PATHS = "$(inherited) @executable_path/Frameworks";
				PRODUCT_BUNDLE_IDENTIFIER = "lli04.Core-Data-App";
				PRODUCT_NAME = "$(TARGET_NAME)";
				SWIFT_VERSION = 4.0;
				TARGETED_DEVICE_FAMILY = "1,2";
			};
			name = Release;
		};
/* End XCBuildConfiguration section */

/* Begin XCConfigurationList section */
		3B0432931FCC41F800E2A144 /* Build configuration list for PBXProject "Core Data App" */ = {
			isa = XCConfigurationList;
			buildConfigurations = (
				3B0432AB1FCC41F800E2A144 /* Debug */,
				3B0432AC1FCC41F800E2A144 /* Release */,
			);
			defaultConfigurationIsVisible = 0;
			defaultConfigurationName = Release;
		};
		3B0432AD1FCC41F800E2A144 /* Build configuration list for PBXNativeTarget "Core Data App" */ = {
			isa = XCConfigurationList;
			buildConfigurations = (
				3B0432AE1FCC41F800E2A144 /* Debug */,
				3B0432AF1FCC41F800E2A144 /* Release */,
			);
			defaultConfigurationIsVisible = 0;
			defaultConfigurationName = Release;
		};
/* End XCConfigurationList section */

/* Begin XCVersionGroup section */
		3B0432A21FCC41F800E2A144 /* Core_Data_App.xcdatamodeld */ = {
			isa = XCVersionGroup;
			children = (
				3B0432A31FCC41F800E2A144 /* Core_Data_App.xcdatamodel */,
			);
			currentVersion = 3B0432A31FCC41F800E2A144 /* Core_Data_App.xcdatamodel */;
			path = Core_Data_App.xcdatamodeld;
			sourceTree = "<group>";
			versionGroupType = wrapper.xcdatamodel;
		};
/* End XCVersionGroup section */
	};
	rootObject = 3B0432901FCC41F800E2A144 /* Project object */;
}
